<?xml version="1.0" encoding="utf-8"?>
<Project ToolsVersion="4.0" xmlns="http://schemas.microsoft.com/developer/msbuild/2003">
  <ItemGroup>
    <Filter Include="Source Files">
      <UniqueIdentifier>{4FC737F1-C7A5-4376-A066-2A32D752A2FF}</UniqueIdentifier>
      <Extensions>cpp;c;cc;cxx;def;odl;idl;hpj;bat;asm;asmx</Extensions>
    </Filter>
    <Filter Include="Header Files">
      <UniqueIdentifier>{93995380-89BD-4b04-88EB-625FBE52EBFB}</UniqueIdentifier>
      <Extensions>h;hpp;hxx;hm;inl;inc;xsd</Extensions>
    </Filter>
    <Filter Include="Header Files\config">
      <UniqueIdentifier>{39fb9c05-cc5b-4ca0-a642-6ffc66f67c74}</UniqueIdentifier>
    </Filter>
    <Filter Include="Header Files\config\classes">
      <UniqueIdentifier>{815a5240-499f-42a7-b1d1-a1254bee71de}</UniqueIdentifier>
    </Filter>
  </ItemGroup>
  <ItemGroup>
    <ClInclude Include="..\src\map\atcommand.h">
      <Filter>Header Files</Filter>
    </ClInclude>
    <ClInclude Include="..\src\map\battle.h">
      <Filter>Header Files</Filter>
    </ClInclude>
    <ClInclude Include="..\src\map\battleground.h">
      <Filter>Header Files</Filter>
    </ClInclude>
    <ClInclude Include="..\src\map\buyingstore.h">
      <Filter>Header Files</Filter>
    </ClInclude>
    <ClInclude Include="..\src\map\chat.h">
      <Filter>Header Files</Filter>
    </ClInclude>
    <ClInclude Include="..\src\map\chrif.h">
      <Filter>Header Files</Filter>
    </ClInclude>
    <ClInclude Include="..\src\map\clif.h">
      <Filter>Header Files</Filter>
    </ClInclude>
    <ClInclude Include="..\src\map\date.h">
      <Filter>Header Files</Filter>
    </ClInclude>
    <ClInclude Include="..\src\map\duel.h">
      <Filter>Header Files</Filter>
    </ClInclude>
    <ClInclude Include="..\src\map\elemental.h">
      <Filter>Header Files</Filter>
    </ClInclude>
    <ClInclude Include="..\src\map\guild.h">
      <Filter>Header Files</Filter>
    </ClInclude>
    <ClInclude Include="..\src\map\homunculus.h">
      <Filter>Header Files</Filter>
    </ClInclude>
    <ClInclude Include="..\src\map\instance.h">
      <Filter>Header Files</Filter>
    </ClInclude>
    <ClInclude Include="..\src\map\intif.h">
      <Filter>Header Files</Filter>
    </ClInclude>
    <ClInclude Include="..\src\map\itemdb.h">
      <Filter>Header Files</Filter>
    </ClInclude>
    <ClInclude Include="..\src\map\log.h">
      <Filter>Header Files</Filter>
    </ClInclude>
    <ClInclude Include="..\src\map\mail.h">
      <Filter>Header Files</Filter>
    </ClInclude>
    <ClInclude Include="..\src\map\map.h">
      <Filter>Header Files</Filter>
    </ClInclude>
    <ClInclude Include="..\src\map\mapreg.h">
      <Filter>Header Files</Filter>
    </ClInclude>
    <ClInclude Include="..\src\map\mercenary.h">
      <Filter>Header Files</Filter>
    </ClInclude>
    <ClInclude Include="..\src\map\mob.h">
      <Filter>Header Files</Filter>
    </ClInclude>
    <ClInclude Include="..\src\map\npc.h">
      <Filter>Header Files</Filter>
    </ClInclude>
    <ClInclude Include="..\src\map\party.h">
      <Filter>Header Files</Filter>
    </ClInclude>
    <ClInclude Include="..\src\map\path.h">
      <Filter>Header Files</Filter>
    </ClInclude>
    <ClInclude Include="..\src\map\pc.h">
      <Filter>Header Files</Filter>
    </ClInclude>
    <ClInclude Include="..\src\map\pc_groups.h">
      <Filter>Header Files</Filter>
    </ClInclude>
    <ClInclude Include="..\src\map\pet.h">
      <Filter>Header Files</Filter>
    </ClInclude>
    <ClInclude Include="..\src\map\quest.h">
      <Filter>Header Files</Filter>
    </ClInclude>
    <ClInclude Include="..\src\map\script.h">
      <Filter>Header Files</Filter>
    </ClInclude>
    <ClInclude Include="..\src\map\searchstore.h">
      <Filter>Header Files</Filter>
    </ClInclude>
    <ClInclude Include="..\src\map\skill.h">
      <Filter>Header Files</Filter>
    </ClInclude>
    <ClInclude Include="..\src\map\status.h">
      <Filter>Header Files</Filter>
    </ClInclude>
    <ClInclude Include="..\src\map\storage.h">
      <Filter>Header Files</Filter>
    </ClInclude>
    <ClInclude Include="..\src\map\trade.h">
      <Filter>Header Files</Filter>
    </ClInclude>
    <ClInclude Include="..\src\map\unit.h">
      <Filter>Header Files</Filter>
    </ClInclude>
    <ClInclude Include="..\src\map\vending.h">
      <Filter>Header Files</Filter>
    </ClInclude>
    <ClInclude Include="..\src\map\config\const.h">
      <Filter>Header Files\config</Filter>
    </ClInclude>
    <ClInclude Include="..\src\map\config\core.h">
      <Filter>Header Files\config</Filter>
    </ClInclude>
    <ClInclude Include="..\src\map\config\renewal.h">
      <Filter>Header Files\config</Filter>
    </ClInclude>
    <ClInclude Include="..\src\map\config\secure.h">
      <Filter>Header Files\config</Filter>
    </ClInclude>
    <ClInclude Include="..\src\map\config\classes\general.h">
      <Filter>Header Files\config\classes</Filter>
    </ClInclude>
    <ClInclude Include="..\src\map\config\classes\swordsman.h">
      <Filter>Header Files\config\classes</Filter>
    </ClInclude>
  </ItemGroup>
  <ItemGroup>
    <ClCompile Include="..\src\map\atcommand.c">
      <Filter>Source Files</Filter>
    </ClCompile>
    <ClCompile Include="..\src\map\battle.c">
      <Filter>Source Files</Filter>
    </ClCompile>
    <ClCompile Include="..\src\map\battleground.c">
      <Filter>Source Files</Filter>
    </ClCompile>
    <ClCompile Include="..\src\map\buyingstore.c">
      <Filter>Source Files</Filter>
    </ClCompile>
    <ClCompile Include="..\src\map\chat.c">
      <Filter>Source Files</Filter>
    </ClCompile>
    <ClCompile Include="..\src\map\chrif.c">
      <Filter>Source Files</Filter>
    </ClCompile>
    <ClCompile Include="..\src\map\clif.c">
      <Filter>Source Files</Filter>
    </ClCompile>
    <ClCompile Include="..\src\map\date.c">
      <Filter>Source Files</Filter>
    </ClCompile>
    <ClCompile Include="..\src\map\duel.c">
      <Filter>Source Files</Filter>
    </ClCompile>
    <ClCompile Include="..\src\map\elemental.c">
      <Filter>Source Files</Filter>
    </ClCompile>
    <ClCompile Include="..\src\map\guild.c">
      <Filter>Source Files</Filter>
    </ClCompile>
    <ClCompile Include="..\src\map\homunculus.c">
      <Filter>Source Files</Filter>
    </ClCompile>
    <ClCompile Include="..\src\map\instance.c">
      <Filter>Source Files</Filter>
    </ClCompile>
    <ClCompile Include="..\src\map\intif.c">
      <Filter>Source Files</Filter>
    </ClCompile>
    <ClCompile Include="..\src\map\itemdb.c">
      <Filter>Source Files</Filter>
    </ClCompile>
    <ClCompile Include="..\src\map\log.c">
      <Filter>Source Files</Filter>
    </ClCompile>
    <ClCompile Include="..\src\map\mail.c">
      <Filter>Source Files</Filter>
    </ClCompile>
    <ClCompile Include="..\src\map\map.c">
      <Filter>Source Files</Filter>
    </ClCompile>
    <ClCompile Include="..\src\map\mapreg_sql.c">
      <Filter>Source Files</Filter>
    </ClCompile>
    <ClCompile Include="..\src\map\mercenary.c">
      <Filter>Source Files</Filter>
    </ClCompile>
    <ClCompile Include="..\src\map\mob.c">
      <Filter>Source Files</Filter>
    </ClCompile>
    <ClCompile Include="..\src\map\npc.c">
      <Filter>Source Files</Filter>
    </ClCompile>
    <ClCompile Include="..\src\map\npc_chat.c">
      <Filter>Source Files</Filter>
    </ClCompile>
    <ClCompile Include="..\src\map\party.c">
      <Filter>Source Files</Filter>
    </ClCompile>
    <ClCompile Include="..\src\map\path.c">
      <Filter>Source Files</Filter>
    </ClCompile>
    <ClCompile Include="..\src\map\pc.c">
      <Filter>Source Files</Filter>
    </ClCompile>
    <ClCompile Include="..\src\map\pc_groups.c">
      <Filter>Source Files</Filter>
    </ClCompile>
    <ClCompile Include="..\src\map\pet.c">
      <Filter>Source Files</Filter>
    </ClCompile>
    <ClCompile Include="..\src\map\quest.c">
      <Filter>Source Files</Filter>
    </ClCompile>
    <ClCompile Include="..\src\map\script.c">
      <Filter>Source Files</Filter>
    </ClCompile>
    <ClCompile Include="..\src\map\searchstore.c">
      <Filter>Source Files</Filter>
    </ClCompile>
    <ClCompile Include="..\src\map\skill.c">
      <Filter>Source Files</Filter>
    </ClCompile>
    <ClCompile Include="..\src\map\status.c">
      <Filter>Source Files</Filter>
    </ClCompile>
    <ClCompile Include="..\src\map\storage.c">
      <Filter>Source Files</Filter>
    </ClCompile>
    <ClCompile Include="..\src\map\trade.c">
      <Filter>Source Files</Filter>
    </ClCompile>
    <ClCompile Include="..\src\map\unit.c">
      <Filter>Source Files</Filter>
    </ClCompile>
    <ClCompile Include="..\src\map\vending.c">
      <Filter>Source Files</Filter>
    </ClCompile>
  </ItemGroup>
</Project>